
Microsoft Visual Studio Solution File, Format Version 12.00
Project("{FAE04EC0-301F-11D3-BF4B-00C04F79EFBC}") = "MapsterConsoleExample", "MapsterConsoleExample\MapsterConsoleExample.csproj", "{63BE4F53-3521-4E7E-BA15-5BFC0C9CA23B}"
EndProject
Project("{FAE04EC0-301F-11D3-BF4B-00C04F79EFBC}") = "BaseMappingConfigLib", "BaseMappingConfigLib\BaseMappingConfigLib.csproj", "{970B0239-E44A-482F-AAF7-D97F3D3E49D2}"
EndProject
Project("{FAE04EC0-301F-11D3-BF4B-00C04F79EFBC}") = "DerivedMappingConfigLib", "DerivedMappingConfigLib\DerivedMappingConfigLib.csproj", "{AB2424DC-AEB8-423E-815A-8DE06DCD16E2}"
EndProject
Project("{FAE04EC0-301F-11D3-BF4B-00C04F79EFBC}") = "EntitiesLib", "EntitiesLib\EntitiesLib.csproj", "{288BB888-1AC1-4A16-B32B-D58C0F71BC62}"
EndProject
Project("{FAE04EC0-301F-11D3-BF4B-00C04F79EFBC}") = "ExoticMappingCasesLib", "ExoticMappingCasesLib\ExoticMappingCasesLib.csproj", "{BA3AAB22-07C2-49D4-A98D-4EC1F2E998C5}"
EndProject
Project("{FAE04EC0-301F-11D3-BF4B-00C04F79EFBC}") = "ExoticCasesClient", "ExoticCasesClient\ExoticCasesClient.csproj", "{70DB09ED-CED4-4601-ACCF-92DE07D200B9}"
EndProject
Global
	GlobalSection(SolutionConfigurationPlatforms) = preSolution
		Debug|Any CPU = Debug|Any CPU
		Release|Any CPU = Release|Any CPU
	EndGlobalSection
	GlobalSection(ProjectConfigurationPlatforms) = postSolution
		{63BE4F53-3521-4E7E-BA15-5BFC0C9CA23B}.Debug|Any CPU.ActiveCfg = Debug|Any CPU
		{63BE4F53-3521-4E7E-BA15-5BFC0C9CA23B}.Debug|Any CPU.Build.0 = Debug|Any CPU
		{63BE4F53-3521-4E7E-BA15-5BFC0C9CA23B}.Release|Any CPU.ActiveCfg = Release|Any CPU
		{63BE4F53-3521-4E7E-BA15-5BFC0C9CA23B}.Release|Any CPU.Build.0 = Release|Any CPU
		{970B0239-E44A-482F-AAF7-D97F3D3E49D2}.Debug|Any CPU.ActiveCfg = Debug|Any CPU
		{970B0239-E44A-482F-AAF7-D97F3D3E49D2}.Debug|Any CPU.Build.0 = Debug|Any CPU
		{970B0239-E44A-482F-AAF7-D97F3D3E49D2}.Release|Any CPU.ActiveCfg = Release|Any CPU
		{970B0239-E44A-482F-AAF7-D97F3D3E49D2}.Release|Any CPU.Build.0 = Release|Any CPU
		{AB2424DC-AEB8-423E-815A-8DE06DCD16E2}.Debug|Any CPU.ActiveCfg = Debug|Any CPU
		{AB2424DC-AEB8-423E-815A-8DE06DCD16E2}.Debug|Any CPU.Build.0 = Debug|Any CPU
		{AB2424DC-AEB8-423E-815A-8DE06DCD16E2}.Release|Any CPU.ActiveCfg = Release|Any CPU
		{AB2424DC-AEB8-423E-815A-8DE06DCD16E2}.Release|Any CPU.Build.0 = Release|Any CPU
		{288BB888-1AC1-4A16-B32B-D58C0F71BC62}.Debug|Any CPU.ActiveCfg = Debug|Any CPU
		{288BB888-1AC1-4A16-B32B-D58C0F71BC62}.Debug|Any CPU.Build.0 = Debug|Any CPU
		{288BB888-1AC1-4A16-B32B-D58C0F71BC62}.Release|Any CPU.ActiveCfg = Release|Any CPU
		{288BB888-1AC1-4A16-B32B-D58C0F71BC62}.Release|Any CPU.Build.0 = Release|Any CPU
		{BA3AAB22-07C2-49D4-A98D-4EC1F2E998C5}.Debug|Any CPU.ActiveCfg = Debug|Any CPU
		{BA3AAB22-07C2-49D4-A98D-4EC1F2E998C5}.Debug|Any CPU.Build.0 = Debug|Any CPU
		{BA3AAB22-07C2-49D4-A98D-4EC1F2E998C5}.Release|Any CPU.ActiveCfg = Release|Any CPU
		{BA3AAB22-07C2-49D4-A98D-4EC1F2E998C5}.Release|Any CPU.Build.0 = Release|Any CPU
		{70DB09ED-CED4-4601-ACCF-92DE07D200B9}.Debug|Any CPU.ActiveCfg = Debug|Any CPU
		{70DB09ED-CED4-4601-ACCF-92DE07D200B9}.Debug|Any CPU.Build.0 = Debug|Any CPU
		{70DB09ED-CED4-4601-ACCF-92DE07D200B9}.Release|Any CPU.ActiveCfg = Release|Any CPU
		{70DB09ED-CED4-4601-ACCF-92DE07D200B9}.Release|Any CPU.Build.0 = Release|Any CPU
	EndGlobalSection
EndGlobal
